<?xml version="1.0" encoding="utf-8"?>
<Project ToolsVersion="4.0" xmlns="http://schemas.microsoft.com/developer/msbuild/2003">
  <ItemGroup>
    <Filter Include="Исходные файлы">
      <UniqueIdentifier>{4FC737F1-C7A5-4376-A066-2A32D752A2FF}</UniqueIdentifier>
      <Extensions>cpp;c;cc;cxx;c++;cppm;ixx;def;odl;idl;hpj;bat;asm;asmx</Extensions>
    </Filter>
    <Filter Include="Файлы заголовков">
      <UniqueIdentifier>{93995380-89BD-4b04-88EB-625FBE52EBFB}</UniqueIdentifier>
      <Extensions>h;hh;hpp;hxx;h++;hm;inl;inc;ipp;xsd</Extensions>
    </Filter>
    <Filter Include="Файлы ресурсов">
      <UniqueIdentifier>{67DA6AB6-F800-4c08-8B7A-83BB121AAD01}</UniqueIdentifier>
      <Extensions>rc;ico;cur;bmp;dlg;rc2;rct;bin;rgs;gif;jpg;jpeg;jpe;resx;tiff;tif;png;wav;mfcribbon-ms</Extensions>
    </Filter>
  </ItemGroup>
  <ItemGroup>
    <ClCompile Include="main.cpp">
      <Filter>Файлы ресурсов</Filter>
    </ClCompile>
    <ClCompile Include="UiDesign\TextBox.cpp">
      <Filter>Исходные файлы</Filter>
    </ClCompile>
    <ClCompile Include="UiDesign\Drawer.cpp">
      <Filter>Исходные файлы</Filter>
    </ClCompile>
    <ClCompile Include="UiDesign\InputString.cpp">
      <Filter>Исходные файлы</Filter>
    </ClCompile>
    <ClCompile Include="UiDesign\InputTextBox.cpp">
      <Filter>Исходные файлы</Filter>
    </ClCompile>
    <ClCompile Include="UiDesign\Checker.cpp">
      <Filter>Исходные файлы</Filter>
    </ClCompile>
    <ClCompile Include="Source\Colors.cpp">
      <Filter>Исходные файлы</Filter>
    </ClCompile>
    <ClCompile Include="Source\Fonts.cpp">
      <Filter>Исходные файлы</Filter>
    </ClCompile>
    <ClCompile Include="Utility\Encryptor.cpp">
      <Filter>Исходные файлы</Filter>
    </ClCompile>
    <ClCompile Include="Factory.cpp">
      <Filter>Исходные файлы</Filter>
    </ClCompile>
    <ClCompile Include="Utility\Literals.cpp">
      <Filter>Исходные файлы</Filter>
    </ClCompile>
    <ClCompile Include="Source\Cursors.cpp">
      <Filter>Исходные файлы</Filter>
    </ClCompile>
    <ClCompile Include="Resource.cpp">
      <Filter>Исходные файлы</Filter>
    </ClCompile>
    <ClCompile Include="FileReader.cpp">
      <Filter>Исходные файлы</Filter>
    </ClCompile>
    <ClCompile Include="States\State.cpp">
      <Filter>Исходные файлы</Filter>
    </ClCompile>
    <ClCompile Include="States\States.cpp">
      <Filter>Исходные файлы</Filter>
    </ClCompile>
    <ClCompile Include="Blank.cpp">
      <Filter>Исходные файлы</Filter>
    </ClCompile>
    <ClCompile Include="States\MainMenu.cpp">
      <Filter>Исходные файлы</Filter>
    </ClCompile>
    <ClCompile Include="Question.cpp">
      <Filter>Исходные файлы</Filter>
    </ClCompile>
    <ClCompile Include="States\ChooseBlank.cpp">
      <Filter>Исходные файлы</Filter>
    </ClCompile>
    <ClCompile Include="States\EnterPassword.cpp">
      <Filter>Исходные файлы</Filter>
    </ClCompile>
    <ClCompile Include="States\AnswerQuestion.cpp">
      <Filter>Исходные файлы</Filter>
    </ClCompile>
    <ClCompile Include="States\PasswordBlank.cpp">
      <Filter>Исходные файлы</Filter>
    </ClCompile>
    <ClCompile Include="States\Intro.cpp">
      <Filter>Исходные файлы</Filter>
    </ClCompile>
    <ClCompile Include="States\Confirmation.cpp">
      <Filter>Исходные файлы</Filter>
    </ClCompile>
    <ClCompile Include="States\Editor.cpp">
      <Filter>Исходные файлы</Filter>
    </ClCompile>
  </ItemGroup>
  <ItemGroup>
    <ClInclude Include="MainHeader.h">
      <Filter>Файлы заголовков</Filter>
    </ClInclude>
    <ClInclude Include="Header.h">
      <Filter>Файлы заголовков</Filter>
    </ClInclude>
    <ClInclude Include="UiDesign\TextBox.h">
      <Filter>Файлы заголовков</Filter>
    </ClInclude>
    <ClInclude Include="UiFramework.h">
      <Filter>Файлы заголовков</Filter>
    </ClInclude>
    <ClInclude Include="UiDesign\Button.h">
      <Filter>Файлы заголовков</Filter>
    </ClInclude>
    <ClInclude Include="UiDesign\UiDesign.h">
      <Filter>Файлы заголовков</Filter>
    </ClInclude>
    <ClInclude Include="UiDesign\Drawer.h">
      <Filter>Файлы заголовков</Filter>
    </ClInclude>
    <ClInclude Include="UiDesign\InputString.h">
      <Filter>Файлы заголовков</Filter>
    </ClInclude>
    <ClInclude Include="UiDesign\InputTextBox.h">
      <Filter>Файлы заголовков</Filter>
    </ClInclude>
    <ClInclude Include="UiDesign\Checker.h">
      <Filter>Файлы заголовков</Filter>
    </ClInclude>
    <ClInclude Include="Source\Colors.h">
      <Filter>Файлы заголовков</Filter>
    </ClInclude>
    <ClInclude Include="Source\Src.h">
      <Filter>Файлы заголовков</Filter>
    </ClInclude>
    <ClInclude Include="Sources.h">
      <Filter>Файлы заголовков</Filter>
    </ClInclude>
    <ClInclude Include="Source\Fonts.h">
      <Filter>Файлы заголовков</Filter>
    </ClInclude>
    <ClInclude Include="Utility\Encryptor.h">
      <Filter>Файлы заголовков</Filter>
    </ClInclude>
    <ClInclude Include="Utility.h">
      <Filter>Файлы заголовков</Filter>
    </ClInclude>
    <ClInclude Include="Factory.h">
      <Filter>Файлы заголовков</Filter>
    </ClInclude>
    <ClInclude Include="Utility\Literals.h">
      <Filter>Файлы заголовков</Filter>
    </ClInclude>
    <ClInclude Include="Source\Cursors.h">
      <Filter>Файлы заголовков</Filter>
    </ClInclude>
    <ClInclude Include="Resource.h">
      <Filter>Файлы заголовков</Filter>
    </ClInclude>
    <ClInclude Include="FileReader.h">
      <Filter>Файлы заголовков</Filter>
    </ClInclude>
    <ClInclude Include="Logging.h">
      <Filter>Файлы заголовков</Filter>
    </ClInclude>
    <ClInclude Include="States\State.h">
      <Filter>Файлы заголовков</Filter>
    </ClInclude>
    <ClInclude Include="States\States.h">
      <Filter>Файлы заголовков</Filter>
    </ClInclude>
    <ClInclude Include="Blank.h">
      <Filter>Файлы заголовков</Filter>
    </ClInclude>
    <ClInclude Include="States\StatesHeader.h">
      <Filter>Файлы заголовков</Filter>
    </ClInclude>
    <ClInclude Include="Question.h">
      <Filter>Файлы заголовков</Filter>
    </ClInclude>
  </ItemGroup>
</Project>